
Microsoft Visual Studio Solution File, Format Version 12.00
# Visual Studio 15
VisualStudioVersion = 15.0.28307.136
MinimumVisualStudioVersion = 10.0.40219.1
Project("{E24C65DC-7377-472B-9ABA-BC803B73C61A}") = "ToDoListServiceHost", "ToDoListServiceHost\", "{88F6EDC0-0891-4BAC-9C50-7C3C2B515BFC}"
	ProjectSection(WebsiteProperties) = preProject
		TargetFrameworkMoniker = ".NETFramework,Version%3Dv4.7.2"
		Debug.AspNetCompiler.VirtualPath = "/localhost_65275"
		Debug.AspNetCompiler.PhysicalPath = "ToDoListServiceHost\"
		Debug.AspNetCompiler.TargetPath = "PrecompiledWeb\localhost_65275\"
		Debug.AspNetCompiler.Updateable = "true"
		Debug.AspNetCompiler.ForceOverwrite = "true"
		Debug.AspNetCompiler.FixedNames = "false"
		Debug.AspNetCompiler.Debug = "True"
		Release.AspNetCompiler.VirtualPath = "/localhost_65275"
		Release.AspNetCompiler.PhysicalPath = "ToDoListServiceHost\"
		Release.AspNetCompiler.TargetPath = "PrecompiledWeb\localhost_65275\"
		Release.AspNetCompiler.Updateable = "true"
		Release.AspNetCompiler.ForceOverwrite = "true"
		Release.AspNetCompiler.FixedNames = "false"
		Release.AspNetCompiler.Debug = "False"
		VWDPort = "65275"
		SlnRelativePath = "ToDoListServiceHost\"
		DefaultWebSiteLanguage = "Visual C#"
	EndProjectSection
EndProject
Project("{2150E333-8FDC-42A3-9474-1A3956D46DE8}") = "Host", "Host", "{6FD80A1D-4C02-41B7-80B3-AA6B69848BC0}"
EndProject
Project("{2150E333-8FDC-42A3-9474-1A3956D46DE8}") = "Database", "Database", "{880721D0-8BD1-43A8-8D41-7002248BA238}"
EndProject
Project("{FAE04EC0-301F-11D3-BF4B-00C04F79EFBC}") = "DatabaseCreator", "Database\DatabaseCreator\DatabaseCreator.csproj", "{75D59CCD-5A59-4B22-A03C-706E652341FC}"
EndProject
Project("{2150E333-8FDC-42A3-9474-1A3956D46DE8}") = "Test", "Test", "{A9B16F6F-AA36-4B89-B089-41F7EF974783}"
EndProject
Project("{2150E333-8FDC-42A3-9474-1A3956D46DE8}") = "Unit", "Unit", "{299DDD10-08D8-412C-AC45-44A4E827D6E1}"
EndProject
Project("{FAE04EC0-301F-11D3-BF4B-00C04F79EFBC}") = "ToDoListServiceTest", "Test\Unit\ToDoListServiceTest\ToDoListServiceTest.csproj", "{4FE01E2C-9217-437F-957E-9F1140C15F61}"
EndProject
Project("{2150E333-8FDC-42A3-9474-1A3956D46DE8}") = "Lib", "Lib", "{3F771ACF-C395-46EB-AB4A-0CF5B7384E1F}"
EndProject
Project("{2150E333-8FDC-42A3-9474-1A3956D46DE8}") = "Interfaces", "Interfaces", "{BB31EDEA-17AA-43A0-82A1-3669C8C3EC50}"
EndProject
Project("{FAE04EC0-301F-11D3-BF4B-00C04F79EFBC}") = "IDatabase", "Interfaces\IDatabase\IDatabase.csproj", "{39A02495-04B9-4CE6-A772-A2B4C9A39A73}"
EndProject
Project("{FAE04EC0-301F-11D3-BF4B-00C04F79EFBC}") = "ToDoListDatabase", "Lib\ToDoListDatabase\ToDoListDatabase.csproj", "{F2F2A7D6-5052-426A-97C6-5D0C7C2234DA}"
EndProject
Project("{2150E333-8FDC-42A3-9474-1A3956D46DE8}") = "Controllers", "Controllers", "{579E63C2-E4D7-49FC-9C09-7D1DE5B50D2F}"
EndProject
Project("{FAE04EC0-301F-11D3-BF4B-00C04F79EFBC}") = "AuthenticationService", "Controllers\AuthenticationService\AuthenticationService.csproj", "{BA01FB07-92B2-4CED-8F66-C5C8FEF0F759}"
EndProject
Project("{FAE04EC0-301F-11D3-BF4B-00C04F79EFBC}") = "ToDoListDataService", "Controllers\ToDoListDataService\ToDoListDataService.csproj", "{77F1625F-9164-44F0-B1A9-13030E64EB84}"
EndProject
Project("{FAE04EC0-301F-11D3-BF4B-00C04F79EFBC}") = "IToDoListDataRepository", "Interfaces\IToDoListDataRepository\IToDoListDataRepository.csproj", "{3CF3E61B-0848-4BA0-871A-A78DEE462017}"
EndProject
Project("{FAE04EC0-301F-11D3-BF4B-00C04F79EFBC}") = "IAuthenticationRepository", "Interfaces\IAuthenticationRepository\IAuthenticationRepository.csproj", "{41990183-8752-4C30-B65C-C8CE0DB7A196}"
EndProject
Project("{FAE04EC0-301F-11D3-BF4B-00C04F79EFBC}") = "AuthenticationRepository", "Lib\AuthenticationRepository\AuthenticationRepository.csproj", "{06FB7FBA-74F7-4998-BA14-0A1F76E2A402}"
EndProject
Project("{FAE04EC0-301F-11D3-BF4B-00C04F79EFBC}") = "AuthenticationRepositoryTest", "Test\Unit\AuthenticationRepositoryTest\AuthenticationRepositoryTest.csproj", "{211BA453-FA12-42CE-8C8C-5BD521E99D0B}"
EndProject
Project("{2150E333-8FDC-42A3-9474-1A3956D46DE8}") = "Data", "Data", "{1ECDE6EB-5C19-4053-9A20-65AC99AA71CA}"
EndProject
Project("{FAE04EC0-301F-11D3-BF4B-00C04F79EFBC}") = "ToDoListData", "Data\ToDoListData\ToDoListData.csproj", "{EA3CA710-AE40-476D-82C0-C5C249744151}"
EndProject
Project("{FAE04EC0-301F-11D3-BF4B-00C04F79EFBC}") = "ToDoListRepository", "Lib\ToDoListRepository\ToDoListRepository.csproj", "{BD04521C-E27F-4651-BE61-4C619A20D5C3}"
EndProject
Global
	GlobalSection(SolutionConfigurationPlatforms) = preSolution
		Debug|Any CPU = Debug|Any CPU
		Release|Any CPU = Release|Any CPU
	EndGlobalSection
	GlobalSection(ProjectConfigurationPlatforms) = postSolution
		{88F6EDC0-0891-4BAC-9C50-7C3C2B515BFC}.Debug|Any CPU.ActiveCfg = Debug|Any CPU
		{88F6EDC0-0891-4BAC-9C50-7C3C2B515BFC}.Debug|Any CPU.Build.0 = Debug|Any CPU
		{88F6EDC0-0891-4BAC-9C50-7C3C2B515BFC}.Release|Any CPU.ActiveCfg = Debug|Any CPU
		{88F6EDC0-0891-4BAC-9C50-7C3C2B515BFC}.Release|Any CPU.Build.0 = Debug|Any CPU
		{75D59CCD-5A59-4B22-A03C-706E652341FC}.Debug|Any CPU.ActiveCfg = Debug|Any CPU
		{75D59CCD-5A59-4B22-A03C-706E652341FC}.Debug|Any CPU.Build.0 = Debug|Any CPU
		{75D59CCD-5A59-4B22-A03C-706E652341FC}.Release|Any CPU.ActiveCfg = Release|Any CPU
		{75D59CCD-5A59-4B22-A03C-706E652341FC}.Release|Any CPU.Build.0 = Release|Any CPU
		{4FE01E2C-9217-437F-957E-9F1140C15F61}.Debug|Any CPU.ActiveCfg = Debug|Any CPU
		{4FE01E2C-9217-437F-957E-9F1140C15F61}.Debug|Any CPU.Build.0 = Debug|Any CPU
		{4FE01E2C-9217-437F-957E-9F1140C15F61}.Release|Any CPU.ActiveCfg = Release|Any CPU
		{4FE01E2C-9217-437F-957E-9F1140C15F61}.Release|Any CPU.Build.0 = Release|Any CPU
		{39A02495-04B9-4CE6-A772-A2B4C9A39A73}.Debug|Any CPU.ActiveCfg = Debug|Any CPU
		{39A02495-04B9-4CE6-A772-A2B4C9A39A73}.Debug|Any CPU.Build.0 = Debug|Any CPU
		{39A02495-04B9-4CE6-A772-A2B4C9A39A73}.Release|Any CPU.ActiveCfg = Release|Any CPU
		{39A02495-04B9-4CE6-A772-A2B4C9A39A73}.Release|Any CPU.Build.0 = Release|Any CPU
		{F2F2A7D6-5052-426A-97C6-5D0C7C2234DA}.Debug|Any CPU.ActiveCfg = Debug|Any CPU
		{F2F2A7D6-5052-426A-97C6-5D0C7C2234DA}.Debug|Any CPU.Build.0 = Debug|Any CPU
		{F2F2A7D6-5052-426A-97C6-5D0C7C2234DA}.Release|Any CPU.ActiveCfg = Release|Any CPU
		{F2F2A7D6-5052-426A-97C6-5D0C7C2234DA}.Release|Any CPU.Build.0 = Release|Any CPU
		{BA01FB07-92B2-4CED-8F66-C5C8FEF0F759}.Debug|Any CPU.ActiveCfg = Debug|Any CPU
		{BA01FB07-92B2-4CED-8F66-C5C8FEF0F759}.Debug|Any CPU.Build.0 = Debug|Any CPU
		{BA01FB07-92B2-4CED-8F66-C5C8FEF0F759}.Release|Any CPU.ActiveCfg = Release|Any CPU
		{BA01FB07-92B2-4CED-8F66-C5C8FEF0F759}.Release|Any CPU.Build.0 = Release|Any CPU
		{77F1625F-9164-44F0-B1A9-13030E64EB84}.Debug|Any CPU.ActiveCfg = Debug|Any CPU
		{77F1625F-9164-44F0-B1A9-13030E64EB84}.Debug|Any CPU.Build.0 = Debug|Any CPU
		{77F1625F-9164-44F0-B1A9-13030E64EB84}.Release|Any CPU.ActiveCfg = Release|Any CPU
		{77F1625F-9164-44F0-B1A9-13030E64EB84}.Release|Any CPU.Build.0 = Release|Any CPU
		{3CF3E61B-0848-4BA0-871A-A78DEE462017}.Debug|Any CPU.ActiveCfg = Debug|Any CPU
		{3CF3E61B-0848-4BA0-871A-A78DEE462017}.Debug|Any CPU.Build.0 = Debug|Any CPU
		{3CF3E61B-0848-4BA0-871A-A78DEE462017}.Release|Any CPU.ActiveCfg = Release|Any CPU
		{3CF3E61B-0848-4BA0-871A-A78DEE462017}.Release|Any CPU.Build.0 = Release|Any CPU
		{41990183-8752-4C30-B65C-C8CE0DB7A196}.Debug|Any CPU.ActiveCfg = Debug|Any CPU
		{41990183-8752-4C30-B65C-C8CE0DB7A196}.Debug|Any CPU.Build.0 = Debug|Any CPU
		{41990183-8752-4C30-B65C-C8CE0DB7A196}.Release|Any CPU.ActiveCfg = Release|Any CPU
		{41990183-8752-4C30-B65C-C8CE0DB7A196}.Release|Any CPU.Build.0 = Release|Any CPU
		{06FB7FBA-74F7-4998-BA14-0A1F76E2A402}.Debug|Any CPU.ActiveCfg = Debug|Any CPU
		{06FB7FBA-74F7-4998-BA14-0A1F76E2A402}.Debug|Any CPU.Build.0 = Debug|Any CPU
		{06FB7FBA-74F7-4998-BA14-0A1F76E2A402}.Release|Any CPU.ActiveCfg = Release|Any CPU
		{06FB7FBA-74F7-4998-BA14-0A1F76E2A402}.Release|Any CPU.Build.0 = Release|Any CPU
		{211BA453-FA12-42CE-8C8C-5BD521E99D0B}.Debug|Any CPU.ActiveCfg = Debug|Any CPU
		{211BA453-FA12-42CE-8C8C-5BD521E99D0B}.Debug|Any CPU.Build.0 = Debug|Any CPU
		{211BA453-FA12-42CE-8C8C-5BD521E99D0B}.Release|Any CPU.ActiveCfg = Release|Any CPU
		{211BA453-FA12-42CE-8C8C-5BD521E99D0B}.Release|Any CPU.Build.0 = Release|Any CPU
		{EA3CA710-AE40-476D-82C0-C5C249744151}.Debug|Any CPU.ActiveCfg = Debug|Any CPU
		{EA3CA710-AE40-476D-82C0-C5C249744151}.Debug|Any CPU.Build.0 = Debug|Any CPU
		{EA3CA710-AE40-476D-82C0-C5C249744151}.Release|Any CPU.ActiveCfg = Release|Any CPU
		{EA3CA710-AE40-476D-82C0-C5C249744151}.Release|Any CPU.Build.0 = Release|Any CPU
		{BD04521C-E27F-4651-BE61-4C619A20D5C3}.Debug|Any CPU.ActiveCfg = Debug|Any CPU
		{BD04521C-E27F-4651-BE61-4C619A20D5C3}.Debug|Any CPU.Build.0 = Debug|Any CPU
		{BD04521C-E27F-4651-BE61-4C619A20D5C3}.Release|Any CPU.ActiveCfg = Release|Any CPU
		{BD04521C-E27F-4651-BE61-4C619A20D5C3}.Release|Any CPU.Build.0 = Release|Any CPU
	EndGlobalSection
	GlobalSection(SolutionProperties) = preSolution
		HideSolutionNode = FALSE
	EndGlobalSection
	GlobalSection(NestedProjects) = preSolution
		{88F6EDC0-0891-4BAC-9C50-7C3C2B515BFC} = {6FD80A1D-4C02-41B7-80B3-AA6B69848BC0}
		{75D59CCD-5A59-4B22-A03C-706E652341FC} = {880721D0-8BD1-43A8-8D41-7002248BA238}
		{299DDD10-08D8-412C-AC45-44A4E827D6E1} = {A9B16F6F-AA36-4B89-B089-41F7EF974783}
		{4FE01E2C-9217-437F-957E-9F1140C15F61} = {299DDD10-08D8-412C-AC45-44A4E827D6E1}
		{39A02495-04B9-4CE6-A772-A2B4C9A39A73} = {BB31EDEA-17AA-43A0-82A1-3669C8C3EC50}
		{F2F2A7D6-5052-426A-97C6-5D0C7C2234DA} = {3F771ACF-C395-46EB-AB4A-0CF5B7384E1F}
		{BA01FB07-92B2-4CED-8F66-C5C8FEF0F759} = {579E63C2-E4D7-49FC-9C09-7D1DE5B50D2F}
		{77F1625F-9164-44F0-B1A9-13030E64EB84} = {579E63C2-E4D7-49FC-9C09-7D1DE5B50D2F}
		{3CF3E61B-0848-4BA0-871A-A78DEE462017} = {BB31EDEA-17AA-43A0-82A1-3669C8C3EC50}
		{41990183-8752-4C30-B65C-C8CE0DB7A196} = {BB31EDEA-17AA-43A0-82A1-3669C8C3EC50}
		{06FB7FBA-74F7-4998-BA14-0A1F76E2A402} = {3F771ACF-C395-46EB-AB4A-0CF5B7384E1F}
		{211BA453-FA12-42CE-8C8C-5BD521E99D0B} = {299DDD10-08D8-412C-AC45-44A4E827D6E1}
		{EA3CA710-AE40-476D-82C0-C5C249744151} = {1ECDE6EB-5C19-4053-9A20-65AC99AA71CA}
		{BD04521C-E27F-4651-BE61-4C619A20D5C3} = {3F771ACF-C395-46EB-AB4A-0CF5B7384E1F}
	EndGlobalSection
	GlobalSection(ExtensibilityGlobals) = postSolution
		SolutionGuid = {EAC15EA3-BF91-4F4C-9702-EE8BDCBEF5EA}
	EndGlobalSection
EndGlobal
